
Microsoft Visual Studio Solution File, Format Version 12.00
# Visual Studio Version 17
VisualStudioVersion = 17.7.34024.191
MinimumVisualStudioVersion = 10.0.40219.1
Project("{FAE04EC0-301F-11D3-BF4B-00C04F79EFBC}") = "API_Hoteles", "API_Hoteles\API_Hoteles.csproj", "{B5F548CC-9C86-4A8E-9B76-38754905F537}"
EndProject
Global
	GlobalSection(SolutionConfigurationPlatforms) = preSolution
		Debug|Any CPU = Debug|Any CPU
		Release|Any CPU = Release|Any CPU
	EndGlobalSection
	GlobalSection(ProjectConfigurationPlatforms) = postSolution
		{B5F548CC-9C86-4A8E-9B76-38754905F537}.Debug|Any CPU.ActiveCfg = Debug|Any CPU
		{B5F548CC-9C86-4A8E-9B76-38754905F537}.Debug|Any CPU.Build.0 = Debug|Any CPU
		{B5F548CC-9C86-4A8E-9B76-38754905F537}.Release|Any CPU.ActiveCfg = Release|Any CPU
		{B5F548CC-9C86-4A8E-9B76-38754905F537}.Release|Any CPU.Build.0 = Release|Any CPU
	EndGlobalSection
	GlobalSection(SolutionProperties) = preSolution
		HideSolutionNode = FALSE
	EndGlobalSection
	GlobalSection(ExtensibilityGlobals) = postSolution
		SolutionGuid = {9B651886-84BE-4DBA-A7A3-4FD03A291603}
	EndGlobalSection
EndGlobal
